
Microsoft Visual Studio Solution File, Format Version 12.00
# Visual Studio 14
VisualStudioVersion = 14.0.22310.1
MinimumVisualStudioVersion = 10.0.40219.1
Project("{FAE04EC0-301F-11D3-BF4B-00C04F79EFBC}") = "FsApi.UnitTest", "FsApi.UnitTest.csproj", "{867EB6FB-CB29-4157-9870-BB88BF0F0730}"
EndProject
Project("{FAE04EC0-301F-11D3-BF4B-00C04F79EFBC}") = "FsApi", "..\FsApi\FsApi.csproj", "{093499A3-D101-4059-A824-8513140DA423}"
EndProject
Global
	GlobalSection(SolutionConfigurationPlatforms) = preSolution
		Debug|Any CPU = Debug|Any CPU
		Debug|ARM = Debug|ARM
		Debug|x64 = Debug|x64
		Debug|x86 = Debug|x86
		Release|Any CPU = Release|Any CPU
		Release|ARM = Release|ARM
		Release|x64 = Release|x64
		Release|x86 = Release|x86
	EndGlobalSection
	GlobalSection(ProjectConfigurationPlatforms) = postSolution
		{867EB6FB-CB29-4157-9870-BB88BF0F0730}.Debug|Any CPU.ActiveCfg = Debug|Any CPU
		{867EB6FB-CB29-4157-9870-BB88BF0F0730}.Debug|Any CPU.Build.0 = Debug|Any CPU
		{867EB6FB-CB29-4157-9870-BB88BF0F0730}.Debug|Any CPU.Deploy.0 = Debug|Any CPU
		{867EB6FB-CB29-4157-9870-BB88BF0F0730}.Debug|ARM.ActiveCfg = Debug|ARM
		{867EB6FB-CB29-4157-9870-BB88BF0F0730}.Debug|ARM.Build.0 = Debug|ARM
		{867EB6FB-CB29-4157-9870-BB88BF0F0730}.Debug|ARM.Deploy.0 = Debug|ARM
		{867EB6FB-CB29-4157-9870-BB88BF0F0730}.Debug|x64.ActiveCfg = Debug|x64
		{867EB6FB-CB29-4157-9870-BB88BF0F0730}.Debug|x64.Build.0 = Debug|x64
		{867EB6FB-CB29-4157-9870-BB88BF0F0730}.Debug|x64.Deploy.0 = Debug|x64
		{867EB6FB-CB29-4157-9870-BB88BF0F0730}.Debug|x86.ActiveCfg = Debug|x86
		{867EB6FB-CB29-4157-9870-BB88BF0F0730}.Debug|x86.Build.0 = Debug|x86
		{867EB6FB-CB29-4157-9870-BB88BF0F0730}.Debug|x86.Deploy.0 = Debug|x86
		{867EB6FB-CB29-4157-9870-BB88BF0F0730}.Release|Any CPU.ActiveCfg = Release|Any CPU
		{867EB6FB-CB29-4157-9870-BB88BF0F0730}.Release|Any CPU.Build.0 = Release|Any CPU
		{867EB6FB-CB29-4157-9870-BB88BF0F0730}.Release|Any CPU.Deploy.0 = Release|Any CPU
		{867EB6FB-CB29-4157-9870-BB88BF0F0730}.Release|ARM.ActiveCfg = Release|ARM
		{867EB6FB-CB29-4157-9870-BB88BF0F0730}.Release|ARM.Build.0 = Release|ARM
		{867EB6FB-CB29-4157-9870-BB88BF0F0730}.Release|ARM.Deploy.0 = Release|ARM
		{867EB6FB-CB29-4157-9870-BB88BF0F0730}.Release|x64.ActiveCfg = Release|x64
		{867EB6FB-CB29-4157-9870-BB88BF0F0730}.Release|x64.Build.0 = Release|x64
		{867EB6FB-CB29-4157-9870-BB88BF0F0730}.Release|x64.Deploy.0 = Release|x64
		{867EB6FB-CB29-4157-9870-BB88BF0F0730}.Release|x86.ActiveCfg = Release|x86
		{867EB6FB-CB29-4157-9870-BB88BF0F0730}.Release|x86.Build.0 = Release|x86
		{867EB6FB-CB29-4157-9870-BB88BF0F0730}.Release|x86.Deploy.0 = Release|x86
		{093499A3-D101-4059-A824-8513140DA423}.Debug|Any CPU.ActiveCfg = Debug|Any CPU
		{093499A3-D101-4059-A824-8513140DA423}.Debug|Any CPU.Build.0 = Debug|Any CPU
		{093499A3-D101-4059-A824-8513140DA423}.Debug|ARM.ActiveCfg = Debug|Any CPU
		{093499A3-D101-4059-A824-8513140DA423}.Debug|ARM.Build.0 = Debug|Any CPU
		{093499A3-D101-4059-A824-8513140DA423}.Debug|x64.ActiveCfg = Debug|Any CPU
		{093499A3-D101-4059-A824-8513140DA423}.Debug|x64.Build.0 = Debug|Any CPU
		{093499A3-D101-4059-A824-8513140DA423}.Debug|x86.ActiveCfg = Debug|Any CPU
		{093499A3-D101-4059-A824-8513140DA423}.Debug|x86.Build.0 = Debug|Any CPU
		{093499A3-D101-4059-A824-8513140DA423}.Release|Any CPU.ActiveCfg = Release|Any CPU
		{093499A3-D101-4059-A824-8513140DA423}.Release|Any CPU.Build.0 = Release|Any CPU
		{093499A3-D101-4059-A824-8513140DA423}.Release|ARM.ActiveCfg = Release|Any CPU
		{093499A3-D101-4059-A824-8513140DA423}.Release|ARM.Build.0 = Release|Any CPU
		{093499A3-D101-4059-A824-8513140DA423}.Release|x64.ActiveCfg = Release|Any CPU
		{093499A3-D101-4059-A824-8513140DA423}.Release|x64.Build.0 = Release|Any CPU
		{093499A3-D101-4059-A824-8513140DA423}.Release|x86.ActiveCfg = Release|Any CPU
		{093499A3-D101-4059-A824-8513140DA423}.Release|x86.Build.0 = Release|Any CPU
	EndGlobalSection
	GlobalSection(SolutionProperties) = preSolution
		HideSolutionNode = FALSE
	EndGlobalSection
EndGlobal
